{
  "version": 1,
  "dependencies": {
    "net10.0": {
      "protobuf-net": {
        "type": "Direct",
        "requested": "[3.2.56, 3.2.56]",
        "resolved": "3.2.56",
        "contentHash": "4IPJeTYAMNewlN8MDaFkcmR/9hLhJeo9eARnTh104zh7mf+vXT2gu5MUfUnkSQU+CH578Q6vcdU7LQDQPG6eaw==",
        "dependencies": {
          "protobuf-net.Core": "3.2.56"
        }
      },
      "protobuf-net.Core": {
        "type": "Direct",
        "requested": "[3.2.56, 3.2.56]",
        "resolved": "3.2.56",
        "contentHash": "d6QOukTpDzs7zZv9tPnBZMtvHDNeHJQXUhMx54g4urUQsXK3oo9U70H9HvklYq7hlQ4A7AHJl7EVEqyCXXIl8Q=="
      },
      "System.IO.Hashing": {
        "type": "Direct",
        "requested": "[10.0.1, 10.0.1]",
        "resolved": "10.0.1",
        "contentHash": "Dy6ULPb2S0GmNndjKrEIpfibNsc8+FTOoZnqygtFDuyun8vWboQbfMpQtKUXpgTxokR5E4zFHETpNnGfeWY6NA=="
      },
      "ZstdSharp.Port": {
        "type": "Direct",
        "requested": "[0.8.7, 0.8.7]",
        "resolved": "0.8.7",
        "contentHash": "+4VpxvzEKaHpfTjsLRMhQHx6brqGBkIA+fjUM3wUW8ZoWpPFAeKrO2Nf4uZDeBjjzNDNxSRvLQH4b3S9Ku4JJQ=="
      },
      "steamkit2": {
        "type": "Project",
        "dependencies": {
          "System.IO.Hashing": "[10.0.1, )",
          "ZstdSharp.Port": "[0.8.7, )",
          "protobuf-net": "[3.2.56, )"
        }
      }
    }
  }
}